
Microsoft Visual Studio Solution File, Format Version 12.00
# Visual Studio Version 16
VisualStudioVersion = 16.0.30611.23
MinimumVisualStudioVersion = 10.0.40219.1
Project("{FAE04EC0-301F-11D3-BF4B-00C04F79EFBC}") = "HomeWork4_111", "HomeWork4_111\HomeWork4_111.csproj", "{7C27B824-73D6-4FEA-AC6D-8EEDC82489AD}"
EndProject
Global
	GlobalSection(SolutionConfigurationPlatforms) = preSolution
		Debug|Any CPU = Debug|Any CPU
		Release|Any CPU = Release|Any CPU
	EndGlobalSection
	GlobalSection(ProjectConfigurationPlatforms) = postSolution
		{7C27B824-73D6-4FEA-AC6D-8EEDC82489AD}.Debug|Any CPU.ActiveCfg = Debug|Any CPU
		{7C27B824-73D6-4FEA-AC6D-8EEDC82489AD}.Debug|Any CPU.Build.0 = Debug|Any CPU
		{7C27B824-73D6-4FEA-AC6D-8EEDC82489AD}.Release|Any CPU.ActiveCfg = Release|Any CPU
		{7C27B824-73D6-4FEA-AC6D-8EEDC82489AD}.Release|Any CPU.Build.0 = Release|Any CPU
	EndGlobalSection
	GlobalSection(SolutionProperties) = preSolution
		HideSolutionNode = FALSE
	EndGlobalSection
	GlobalSection(ExtensibilityGlobals) = postSolution
		SolutionGuid = {3FC78BDF-229E-4AF3-8EBB-EF0EB3503CC5}
	EndGlobalSection
EndGlobal
